
Microsoft Visual Studio Solution File, Format Version 12.00
# Visual Studio 15
VisualStudioVersion = 15.0.27130.2027
MinimumVisualStudioVersion = 10.0.40219.1
Project("{FAE04EC0-301F-11D3-BF4B-00C04F79EFBC}") = "AutoHotInterception", "AutoHotInterception\AutoHotInterception.csproj", "{68FA4BC3-C277-44D0-8333-18D51DC3CA19}"
EndProject
Project("{FAE04EC0-301F-11D3-BF4B-00C04F79EFBC}") = "TestApp", "TestApp\TestApp.csproj", "{02CBCBB9-C17F-4C6A-8F93-D7EAF038CAED}"
EndProject
Global
	GlobalSection(SolutionConfigurationPlatforms) = preSolution
		Debug|Any CPU = Debug|Any CPU
		Release|Any CPU = Release|Any CPU
	EndGlobalSection
	GlobalSection(ProjectConfigurationPlatforms) = postSolution
		{68FA4BC3-C277-44D0-8333-18D51DC3CA19}.Debug|Any CPU.ActiveCfg = Debug|Any CPU
		{68FA4BC3-C277-44D0-8333-18D51DC3CA19}.Debug|Any CPU.Build.0 = Debug|Any CPU
		{68FA4BC3-C277-44D0-8333-18D51DC3CA19}.Release|Any CPU.ActiveCfg = Release|Any CPU
		{68FA4BC3-C277-44D0-8333-18D51DC3CA19}.Release|Any CPU.Build.0 = Release|Any CPU
		{02CBCBB9-C17F-4C6A-8F93-D7EAF038CAED}.Debug|Any CPU.ActiveCfg = Debug|Any CPU
		{02CBCBB9-C17F-4C6A-8F93-D7EAF038CAED}.Debug|Any CPU.Build.0 = Debug|Any CPU
		{02CBCBB9-C17F-4C6A-8F93-D7EAF038CAED}.Release|Any CPU.ActiveCfg = Release|Any CPU
		{02CBCBB9-C17F-4C6A-8F93-D7EAF038CAED}.Release|Any CPU.Build.0 = Release|Any CPU
	EndGlobalSection
	GlobalSection(SolutionProperties) = preSolution
		HideSolutionNode = FALSE
	EndGlobalSection
	GlobalSection(ExtensibilityGlobals) = postSolution
		SolutionGuid = {1F6BBD91-0EF1-443E-8181-49DB4E51BF47}
	EndGlobalSection
EndGlobal
